
Microsoft Visual Studio Solution File, Format Version 12.00
# Visual Studio Version 16
VisualStudioVersion = 16.0.31624.102
MinimumVisualStudioVersion = 10.0.40219.1
Project("{FAE04EC0-301F-11D3-BF4B-00C04F79EFBC}") = "CarRentingSystem", "CarRentingSystem\CarRentingSystem.csproj", "{564B04F8-72FD-4772-A35A-15F0832E2CD8}"
EndProject
Global
	GlobalSection(SolutionConfigurationPlatforms) = preSolution
		Debug|Any CPU = Debug|Any CPU
		Release|Any CPU = Release|Any CPU
	EndGlobalSection
	GlobalSection(ProjectConfigurationPlatforms) = postSolution
		{564B04F8-72FD-4772-A35A-15F0832E2CD8}.Debug|Any CPU.ActiveCfg = Debug|Any CPU
		{564B04F8-72FD-4772-A35A-15F0832E2CD8}.Debug|Any CPU.Build.0 = Debug|Any CPU
		{564B04F8-72FD-4772-A35A-15F0832E2CD8}.Release|Any CPU.ActiveCfg = Release|Any CPU
		{564B04F8-72FD-4772-A35A-15F0832E2CD8}.Release|Any CPU.Build.0 = Release|Any CPU
	EndGlobalSection
	GlobalSection(SolutionProperties) = preSolution
		HideSolutionNode = FALSE
	EndGlobalSection
	GlobalSection(ExtensibilityGlobals) = postSolution
		SolutionGuid = {88B2BF16-7137-4D9E-85A0-DA9B9B5198D7}
	EndGlobalSection
EndGlobal
